
Microsoft Visual Studio Solution File, Format Version 12.00
# Visual Studio 15
VisualStudioVersion = 15.0.27130.2036
MinimumVisualStudioVersion = 10.0.40219.1
Project("{FAE04EC0-301F-11D3-BF4B-00C04F79EFBC}") = "CoreApp", "CoreApp\CoreApp.csproj", "{F6AF0814-386F-45CF-91A5-8D722B102849}"
EndProject
Project("{FAE04EC0-301F-11D3-BF4B-00C04F79EFBC}") = "NetApp", "NetApp\NetApp.csproj", "{2A37CA42-A9CA-4ED5-BEEC-DE984154AEE9}"
EndProject
Global
	GlobalSection(SolutionConfigurationPlatforms) = preSolution
		Debug|Any CPU = Debug|Any CPU
		Release|Any CPU = Release|Any CPU
	EndGlobalSection
	GlobalSection(ProjectConfigurationPlatforms) = postSolution
		{F6AF0814-386F-45CF-91A5-8D722B102849}.Debug|Any CPU.ActiveCfg = Debug|Any CPU
		{F6AF0814-386F-45CF-91A5-8D722B102849}.Debug|Any CPU.Build.0 = Debug|Any CPU
		{F6AF0814-386F-45CF-91A5-8D722B102849}.Release|Any CPU.ActiveCfg = Release|Any CPU
		{F6AF0814-386F-45CF-91A5-8D722B102849}.Release|Any CPU.Build.0 = Release|Any CPU
		{2A37CA42-A9CA-4ED5-BEEC-DE984154AEE9}.Debug|Any CPU.ActiveCfg = Debug|Any CPU
		{2A37CA42-A9CA-4ED5-BEEC-DE984154AEE9}.Debug|Any CPU.Build.0 = Debug|Any CPU
		{2A37CA42-A9CA-4ED5-BEEC-DE984154AEE9}.Release|Any CPU.ActiveCfg = Release|Any CPU
		{2A37CA42-A9CA-4ED5-BEEC-DE984154AEE9}.Release|Any CPU.Build.0 = Release|Any CPU
	EndGlobalSection
	GlobalSection(SolutionProperties) = preSolution
		HideSolutionNode = FALSE
	EndGlobalSection
	GlobalSection(ExtensibilityGlobals) = postSolution
		SolutionGuid = {BF4CD67F-DDC1-4236-967C-CFC1968078B5}
	EndGlobalSection
EndGlobal
